
Microsoft Visual Studio Solution File, Format Version 12.00
Project("{2150E333-8FDC-42A3-9474-1A3956D46DE8}") = "3.Sqs", "3.Sqs", "{AE28BEE1-B578-439A-B596-D991B9851F5A}"
EndProject
Project("{2150E333-8FDC-42A3-9474-1A3956D46DE8}") = "4.Sns", "4.Sns", "{BA648C25-CB9E-4FAA-AF91-86A37CCEA382}"
EndProject
Project("{2150E333-8FDC-42A3-9474-1A3956D46DE8}") = "5.DynamoDb", "5.DynamoDb", "{2C17779A-FD5B-4980-BEB0-4A19912178B7}"
EndProject
Project("{2150E333-8FDC-42A3-9474-1A3956D46DE8}") = "6.S3", "6.S3", "{6CC73189-9356-4EE7-B061-73D9395C30AC}"
EndProject
Project("{2150E333-8FDC-42A3-9474-1A3956D46DE8}") = "7.SecretsManager", "7.SecretsManager", "{8D27D9CA-8D14-4CD6-9827-A0837CFB03C3}"
EndProject
Project("{2150E333-8FDC-42A3-9474-1A3956D46DE8}") = "8.Lambda", "8.Lambda", "{DC84F474-F046-44B8-8D2E-BCE6A285FDF5}"
EndProject
Project("{FAE04EC0-301F-11D3-BF4B-00C04F79EFBC}") = "SqsPublisher", "3.Sqs\SqsPublisher\SqsPublisher.csproj", "{E15F3B18-A330-4BA1-A88E-73AC95B83E80}"
EndProject
Project("{FAE04EC0-301F-11D3-BF4B-00C04F79EFBC}") = "SqsConsumer", "3.Sqs\SqsConsumer\SqsConsumer.csproj", "{4C9A6F9D-D943-4ADF-BA28-7A9A1E327A81}"
EndProject
Project("{FAE04EC0-301F-11D3-BF4B-00C04F79EFBC}") = "Customers.Api", "3.Sqs\Customers.Api\Customers.Api.csproj", "{58B37399-C2C0-4F6C-A06F-DEB8F78AA0D1}"
EndProject
Project("{FAE04EC0-301F-11D3-BF4B-00C04F79EFBC}") = "SnsPublisher", "4.Sns\SnsPublisher\SnsPublisher.csproj", "{1A9D65F9-5412-4243-952E-627F297F1F53}"
EndProject
Project("{FAE04EC0-301F-11D3-BF4B-00C04F79EFBC}") = "SqsConsumer", "4.Sns\SqsConsumer\SqsConsumer.csproj", "{B6C9ACE5-5495-49A6-9846-2CEE39911232}"
EndProject
Project("{FAE04EC0-301F-11D3-BF4B-00C04F79EFBC}") = "Customers.Api", "4.Sns\Customers.Api\Customers.Api.csproj", "{F130E18D-0FA0-4F5D-BCE3-4CA9D8A31610}"
EndProject
Project("{FAE04EC0-301F-11D3-BF4B-00C04F79EFBC}") = "Customers.Api", "5.DynamoDb\Customers.Api\Customers.Api.csproj", "{302395FE-CB83-40D8-BDC5-32E7FE549ECE}"
EndProject
Project("{FAE04EC0-301F-11D3-BF4B-00C04F79EFBC}") = "Movies.Api", "5.DynamoDb\Movies.Api\Movies.Api.csproj", "{97A6BD68-E3E4-4480-8D49-4C1DD8918890}"
EndProject
Project("{FAE04EC0-301F-11D3-BF4B-00C04F79EFBC}") = "Customers.Api", "6.S3\Customers.Api\Customers.Api.csproj", "{9DF8E2C2-0036-4C69-86B6-A1222E032F5C}"
EndProject
Project("{FAE04EC0-301F-11D3-BF4B-00C04F79EFBC}") = "S3Playground", "6.S3\S3Playground\S3Playground.csproj", "{7D727E6B-457E-4CA9-9D8F-8B3880317B09}"
EndProject
Project("{FAE04EC0-301F-11D3-BF4B-00C04F79EFBC}") = "Weather.Api", "7.SecretsManager\Weather.Api\Weather.Api.csproj", "{3D0F44AF-1E1E-4F59-A2A9-F52332C433EF}"
EndProject
Project("{FAE04EC0-301F-11D3-BF4B-00C04F79EFBC}") = "SecretManagerApp", "7.SecretsManager\SecretManagerApp\SecretManagerApp.csproj", "{7B5784D7-2CA4-463A-B038-327D3E27C284}"
EndProject
Project("{FAE04EC0-301F-11D3-BF4B-00C04F79EFBC}") = "SimpleLambda", "8.Lambda\SimpleLambda\src\SimpleLambda\SimpleLambda.csproj", "{573A4C31-EAE2-4494-8C84-066442821DC2}"
EndProject
Project("{FAE04EC0-301F-11D3-BF4B-00C04F79EFBC}") = "SimpleHttpLambda", "8.Lambda\SimpleHttpLambda\src\SimpleHttpLambda\SimpleHttpLambda.csproj", "{1699A59D-9C0C-4631-8CEB-C7A5C022090D}"
EndProject
Project("{FAE04EC0-301F-11D3-BF4B-00C04F79EFBC}") = "SimpleSqsLambda", "8.Lambda\SimpleSqsLambda\src\SimpleSqsLambda\SimpleSqsLambda.csproj", "{137537D4-3BD2-453E-BC31-92F548FCD350}"
EndProject
Project("{FAE04EC0-301F-11D3-BF4B-00C04F79EFBC}") = "SimpleDynamoDbLambda", "8.Lambda\SimpleDynamoDbLambda\src\SimpleDynamoDbLambda\SimpleDynamoDbLambda.csproj", "{BEBF8B3E-C5A7-4E17-8680-641557CCCC9C}"
EndProject
Project("{FAE04EC0-301F-11D3-BF4B-00C04F79EFBC}") = "SimpleS3Lambda", "8.Lambda\SimpleS3Lambda\src\SimpleS3Lambda\SimpleS3Lambda.csproj", "{CFD37C7D-0475-4993-8B95-7D67CCC76252}"
EndProject
Global
	GlobalSection(SolutionConfigurationPlatforms) = preSolution
		Debug|Any CPU = Debug|Any CPU
		Release|Any CPU = Release|Any CPU
	EndGlobalSection
	GlobalSection(NestedProjects) = preSolution
		{E15F3B18-A330-4BA1-A88E-73AC95B83E80} = {AE28BEE1-B578-439A-B596-D991B9851F5A}
		{4C9A6F9D-D943-4ADF-BA28-7A9A1E327A81} = {AE28BEE1-B578-439A-B596-D991B9851F5A}
		{58B37399-C2C0-4F6C-A06F-DEB8F78AA0D1} = {AE28BEE1-B578-439A-B596-D991B9851F5A}
		{1A9D65F9-5412-4243-952E-627F297F1F53} = {BA648C25-CB9E-4FAA-AF91-86A37CCEA382}
		{B6C9ACE5-5495-49A6-9846-2CEE39911232} = {BA648C25-CB9E-4FAA-AF91-86A37CCEA382}
		{F130E18D-0FA0-4F5D-BCE3-4CA9D8A31610} = {BA648C25-CB9E-4FAA-AF91-86A37CCEA382}
		{302395FE-CB83-40D8-BDC5-32E7FE549ECE} = {2C17779A-FD5B-4980-BEB0-4A19912178B7}
		{97A6BD68-E3E4-4480-8D49-4C1DD8918890} = {2C17779A-FD5B-4980-BEB0-4A19912178B7}
		{9DF8E2C2-0036-4C69-86B6-A1222E032F5C} = {6CC73189-9356-4EE7-B061-73D9395C30AC}
		{7D727E6B-457E-4CA9-9D8F-8B3880317B09} = {6CC73189-9356-4EE7-B061-73D9395C30AC}
		{3D0F44AF-1E1E-4F59-A2A9-F52332C433EF} = {8D27D9CA-8D14-4CD6-9827-A0837CFB03C3}
		{7B5784D7-2CA4-463A-B038-327D3E27C284} = {8D27D9CA-8D14-4CD6-9827-A0837CFB03C3}
		{573A4C31-EAE2-4494-8C84-066442821DC2} = {DC84F474-F046-44B8-8D2E-BCE6A285FDF5}
		{1699A59D-9C0C-4631-8CEB-C7A5C022090D} = {DC84F474-F046-44B8-8D2E-BCE6A285FDF5}
		{137537D4-3BD2-453E-BC31-92F548FCD350} = {DC84F474-F046-44B8-8D2E-BCE6A285FDF5}
		{BEBF8B3E-C5A7-4E17-8680-641557CCCC9C} = {DC84F474-F046-44B8-8D2E-BCE6A285FDF5}
		{CFD37C7D-0475-4993-8B95-7D67CCC76252} = {DC84F474-F046-44B8-8D2E-BCE6A285FDF5}
	EndGlobalSection
	GlobalSection(ProjectConfigurationPlatforms) = postSolution
		{E15F3B18-A330-4BA1-A88E-73AC95B83E80}.Debug|Any CPU.ActiveCfg = Debug|Any CPU
		{E15F3B18-A330-4BA1-A88E-73AC95B83E80}.Debug|Any CPU.Build.0 = Debug|Any CPU
		{E15F3B18-A330-4BA1-A88E-73AC95B83E80}.Release|Any CPU.ActiveCfg = Release|Any CPU
		{E15F3B18-A330-4BA1-A88E-73AC95B83E80}.Release|Any CPU.Build.0 = Release|Any CPU
		{4C9A6F9D-D943-4ADF-BA28-7A9A1E327A81}.Debug|Any CPU.ActiveCfg = Debug|Any CPU
		{4C9A6F9D-D943-4ADF-BA28-7A9A1E327A81}.Debug|Any CPU.Build.0 = Debug|Any CPU
		{4C9A6F9D-D943-4ADF-BA28-7A9A1E327A81}.Release|Any CPU.ActiveCfg = Release|Any CPU
		{4C9A6F9D-D943-4ADF-BA28-7A9A1E327A81}.Release|Any CPU.Build.0 = Release|Any CPU
		{58B37399-C2C0-4F6C-A06F-DEB8F78AA0D1}.Debug|Any CPU.ActiveCfg = Debug|Any CPU
		{58B37399-C2C0-4F6C-A06F-DEB8F78AA0D1}.Debug|Any CPU.Build.0 = Debug|Any CPU
		{58B37399-C2C0-4F6C-A06F-DEB8F78AA0D1}.Release|Any CPU.ActiveCfg = Release|Any CPU
		{58B37399-C2C0-4F6C-A06F-DEB8F78AA0D1}.Release|Any CPU.Build.0 = Release|Any CPU
		{1A9D65F9-5412-4243-952E-627F297F1F53}.Debug|Any CPU.ActiveCfg = Debug|Any CPU
		{1A9D65F9-5412-4243-952E-627F297F1F53}.Debug|Any CPU.Build.0 = Debug|Any CPU
		{1A9D65F9-5412-4243-952E-627F297F1F53}.Release|Any CPU.ActiveCfg = Release|Any CPU
		{1A9D65F9-5412-4243-952E-627F297F1F53}.Release|Any CPU.Build.0 = Release|Any CPU
		{B6C9ACE5-5495-49A6-9846-2CEE39911232}.Debug|Any CPU.ActiveCfg = Debug|Any CPU
		{B6C9ACE5-5495-49A6-9846-2CEE39911232}.Debug|Any CPU.Build.0 = Debug|Any CPU
		{B6C9ACE5-5495-49A6-9846-2CEE39911232}.Release|Any CPU.ActiveCfg = Release|Any CPU
		{B6C9ACE5-5495-49A6-9846-2CEE39911232}.Release|Any CPU.Build.0 = Release|Any CPU
		{F130E18D-0FA0-4F5D-BCE3-4CA9D8A31610}.Debug|Any CPU.ActiveCfg = Debug|Any CPU
		{F130E18D-0FA0-4F5D-BCE3-4CA9D8A31610}.Debug|Any CPU.Build.0 = Debug|Any CPU
		{F130E18D-0FA0-4F5D-BCE3-4CA9D8A31610}.Release|Any CPU.ActiveCfg = Release|Any CPU
		{F130E18D-0FA0-4F5D-BCE3-4CA9D8A31610}.Release|Any CPU.Build.0 = Release|Any CPU
		{302395FE-CB83-40D8-BDC5-32E7FE549ECE}.Debug|Any CPU.ActiveCfg = Debug|Any CPU
		{302395FE-CB83-40D8-BDC5-32E7FE549ECE}.Debug|Any CPU.Build.0 = Debug|Any CPU
		{302395FE-CB83-40D8-BDC5-32E7FE549ECE}.Release|Any CPU.ActiveCfg = Release|Any CPU
		{302395FE-CB83-40D8-BDC5-32E7FE549ECE}.Release|Any CPU.Build.0 = Release|Any CPU
		{97A6BD68-E3E4-4480-8D49-4C1DD8918890}.Debug|Any CPU.ActiveCfg = Debug|Any CPU
		{97A6BD68-E3E4-4480-8D49-4C1DD8918890}.Debug|Any CPU.Build.0 = Debug|Any CPU
		{97A6BD68-E3E4-4480-8D49-4C1DD8918890}.Release|Any CPU.ActiveCfg = Release|Any CPU
		{97A6BD68-E3E4-4480-8D49-4C1DD8918890}.Release|Any CPU.Build.0 = Release|Any CPU
		{9DF8E2C2-0036-4C69-86B6-A1222E032F5C}.Debug|Any CPU.ActiveCfg = Debug|Any CPU
		{9DF8E2C2-0036-4C69-86B6-A1222E032F5C}.Debug|Any CPU.Build.0 = Debug|Any CPU
		{9DF8E2C2-0036-4C69-86B6-A1222E032F5C}.Release|Any CPU.ActiveCfg = Release|Any CPU
		{9DF8E2C2-0036-4C69-86B6-A1222E032F5C}.Release|Any CPU.Build.0 = Release|Any CPU
		{7D727E6B-457E-4CA9-9D8F-8B3880317B09}.Debug|Any CPU.ActiveCfg = Debug|Any CPU
		{7D727E6B-457E-4CA9-9D8F-8B3880317B09}.Debug|Any CPU.Build.0 = Debug|Any CPU
		{7D727E6B-457E-4CA9-9D8F-8B3880317B09}.Release|Any CPU.ActiveCfg = Release|Any CPU
		{7D727E6B-457E-4CA9-9D8F-8B3880317B09}.Release|Any CPU.Build.0 = Release|Any CPU
		{3D0F44AF-1E1E-4F59-A2A9-F52332C433EF}.Debug|Any CPU.ActiveCfg = Debug|Any CPU
		{3D0F44AF-1E1E-4F59-A2A9-F52332C433EF}.Debug|Any CPU.Build.0 = Debug|Any CPU
		{3D0F44AF-1E1E-4F59-A2A9-F52332C433EF}.Release|Any CPU.ActiveCfg = Release|Any CPU
		{3D0F44AF-1E1E-4F59-A2A9-F52332C433EF}.Release|Any CPU.Build.0 = Release|Any CPU
		{7B5784D7-2CA4-463A-B038-327D3E27C284}.Debug|Any CPU.ActiveCfg = Debug|Any CPU
		{7B5784D7-2CA4-463A-B038-327D3E27C284}.Debug|Any CPU.Build.0 = Debug|Any CPU
		{7B5784D7-2CA4-463A-B038-327D3E27C284}.Release|Any CPU.ActiveCfg = Release|Any CPU
		{7B5784D7-2CA4-463A-B038-327D3E27C284}.Release|Any CPU.Build.0 = Release|Any CPU
		{573A4C31-EAE2-4494-8C84-066442821DC2}.Debug|Any CPU.ActiveCfg = Debug|Any CPU
		{573A4C31-EAE2-4494-8C84-066442821DC2}.Debug|Any CPU.Build.0 = Debug|Any CPU
		{573A4C31-EAE2-4494-8C84-066442821DC2}.Release|Any CPU.ActiveCfg = Release|Any CPU
		{573A4C31-EAE2-4494-8C84-066442821DC2}.Release|Any CPU.Build.0 = Release|Any CPU
		{1699A59D-9C0C-4631-8CEB-C7A5C022090D}.Debug|Any CPU.ActiveCfg = Debug|Any CPU
		{1699A59D-9C0C-4631-8CEB-C7A5C022090D}.Debug|Any CPU.Build.0 = Debug|Any CPU
		{1699A59D-9C0C-4631-8CEB-C7A5C022090D}.Release|Any CPU.ActiveCfg = Release|Any CPU
		{1699A59D-9C0C-4631-8CEB-C7A5C022090D}.Release|Any CPU.Build.0 = Release|Any CPU
		{137537D4-3BD2-453E-BC31-92F548FCD350}.Debug|Any CPU.ActiveCfg = Debug|Any CPU
		{137537D4-3BD2-453E-BC31-92F548FCD350}.Debug|Any CPU.Build.0 = Debug|Any CPU
		{137537D4-3BD2-453E-BC31-92F548FCD350}.Release|Any CPU.ActiveCfg = Release|Any CPU
		{137537D4-3BD2-453E-BC31-92F548FCD350}.Release|Any CPU.Build.0 = Release|Any CPU
		{BEBF8B3E-C5A7-4E17-8680-641557CCCC9C}.Debug|Any CPU.ActiveCfg = Debug|Any CPU
		{BEBF8B3E-C5A7-4E17-8680-641557CCCC9C}.Debug|Any CPU.Build.0 = Debug|Any CPU
		{BEBF8B3E-C5A7-4E17-8680-641557CCCC9C}.Release|Any CPU.ActiveCfg = Release|Any CPU
		{BEBF8B3E-C5A7-4E17-8680-641557CCCC9C}.Release|Any CPU.Build.0 = Release|Any CPU
		{CFD37C7D-0475-4993-8B95-7D67CCC76252}.Debug|Any CPU.ActiveCfg = Debug|Any CPU
		{CFD37C7D-0475-4993-8B95-7D67CCC76252}.Debug|Any CPU.Build.0 = Debug|Any CPU
		{CFD37C7D-0475-4993-8B95-7D67CCC76252}.Release|Any CPU.ActiveCfg = Release|Any CPU
		{CFD37C7D-0475-4993-8B95-7D67CCC76252}.Release|Any CPU.Build.0 = Release|Any CPU
	EndGlobalSection
EndGlobal
